
Microsoft Visual Studio Solution File, Format Version 12.00
# Visual Studio 15
VisualStudioVersion = 15.0.27428.2005
MinimumVisualStudioVersion = 10.0.40219.1
Project("{FAE04EC0-301F-11D3-BF4B-00C04F79EFBC}") = "GWS", "GWS\GWS.csproj", "{17B280B5-2551-448C-A24C-6A457DE56995}"
EndProject
Global
	GlobalSection(SolutionConfigurationPlatforms) = preSolution
		Debug|Any CPU = Debug|Any CPU
		Release|Any CPU = Release|Any CPU
	EndGlobalSection
	GlobalSection(ProjectConfigurationPlatforms) = postSolution
		{17B280B5-2551-448C-A24C-6A457DE56995}.Debug|Any CPU.ActiveCfg = Debug|Any CPU
		{17B280B5-2551-448C-A24C-6A457DE56995}.Debug|Any CPU.Build.0 = Debug|Any CPU
		{17B280B5-2551-448C-A24C-6A457DE56995}.Release|Any CPU.ActiveCfg = Release|Any CPU
		{17B280B5-2551-448C-A24C-6A457DE56995}.Release|Any CPU.Build.0 = Release|Any CPU
	EndGlobalSection
	GlobalSection(SolutionProperties) = preSolution
		HideSolutionNode = FALSE
	EndGlobalSection
	GlobalSection(ExtensibilityGlobals) = postSolution
		SolutionGuid = {A963F015-7897-4429-93E5-AF80F612C75B}
	EndGlobalSection
EndGlobal
